{
  "name": "frontend",
  "version": "0.0.0",
  "lockfileVersion": 3,
  "requires": true,
  "packages": {
    "": {
      "name": "frontend",
      "version": "0.0.0",
      "dependencies": {
        "pinia": "^3.0.4",
        "vue": "^3.5.31",
        "vue-router": "^5.0.4"
      },
      "devDependencies": {
        "@tailwindcss/vite": "^4.2.2",
        "@tsconfig/node24": "^24.0.4",
        "@types/node": "^24.12.0",
        "@vitejs/plugin-vue": "^6.0.5",
        "@vue/tsconfig": "^0.9.1",
        "npm-run-all2": "^8.0.4",
        "tailwindcss": "^4.2.2",
        "typescript": "~6.0.0",
        "vite": "^8.0.7",
        "vite-plugin-vue-devtools": "^8.1.1",
        "vue-tsc": "^3.2.6"
      },
      "engines": {
        "node": "^20.19.0 || >=22.12.0"
      }
    },
    "node_modules/@babel/code-frame": {
      "version": "7.29.0",
      "resolved": "https://registry.npmjs.org/@babel/code-frame/-/code-frame-7.29.0.tgz",
      "integrity": "sha512-9NhCeYjq9+3uxgdtp20LSiJXJvN0FeCtNGpJxuMFZ1Kv3cWUNb6DOhJwUvcVCzKGR66cw4njwM6hrJLqgOwbcw==",
      "dev": true,
      "license": "MIT",
      "dependencies": {
        "@babel/helper-validator-identifier": "^7.28.5",
        "js-tokens": "^4.0.0",
        "picocolors": "^1.1.1"
      },
      "engines": {
        "node": ">=6.9.0"
      }
    },
    "node_modules/@babel/compat-data": {
      "version": "7.29.0",
      "resolved": "https://registry.npmjs.org/@babel/compat-data/-/compat-data-7.29.0.tgz",
      "integrity": "sha512-T1NCJqT/j9+cn8fvkt7jtwbLBfLC/1y1c7NtCeXFRgzGTsafi68MRv8yzkYSapBnFA6L3U2VSc02ciDzoAJhJg==",
      "dev": true,
      "license": "MIT",
      "engines": {
        "node": ">=6.9.0"
      }
    },
    "node_modules/@babel/core": {
      "version": "7.29.0",
      "resolved": "https://registry.npmjs.org/@babel/core/-/core-7.29.0.tgz",
      "integrity": "sha512-CGOfOJqWjg2qW/Mb6zNsDm+u5vFQ8DxXfbM09z69p5Z6+mE1ikP2jUXw+j42Pf1XTYED2Rni5f95npYeuwMDQA==",
      "dev": true,
      "license": "MIT",
      "peer": true,
      "dependencies": {
        "@babel/code-frame": "^7.29.0",
        "@babel/generator": "^7.29.0",
        "@babel/helper-compilation-targets": "^7.28.6",
        "@babel/helper-module-transforms": "^7.28.6",
        "@babel/helpers": "^7.28.6",
        "@babel/parser": "^7.29.0",
        "@babel/template": "^7.28.6",
        "@babel/traverse": "^7.29.0",
        "@babel/types": "^7.29.0",
        "@jridgewell/remapping": "^2.3.5",
        "convert-source-map": "^2.0.0",
        "debug": "^4.1.0",
        "gensync": "^1.0.0-beta.2",
        "json5": "^2.2.3",
        "semver": "^6.3.1"
      },
      "engines": {
        "node": ">=6.9.0"
      },
      "funding": {
        "type": "opencollective",
        "url": "https://opencollective.com/babel"
      }
    },
    "node_modules/@babel/generator": {
      "version": "7.29.1",
      "resolved": "https://registry.npmjs.org/@babel/generator/-/generator-7.29.1.tgz",
      "integrity": "sha512-qsaF+9Qcm2Qv8SRIMMscAvG4O3lJ0F1GuMo5HR/Bp02LopNgnZBC/EkbevHFeGs4ls/oPz9v+Bsmzbkbe+0dUw==",
      "license": "MIT",
      "dependencies": {
        "@babel/parser": "^7.29.0",
        "@babel/types": "^7.29.0",
        "@jridgewell/gen-mapping": "^0.3.12",
        "@jridgewell/trace-mapping": "^0.3.28",
        "jsesc": "^3.0.2"
      },
      "engines": {
        "node": ">=6.9.0"
      }
    },
    "node_modules/@babel/helper-annotate-as-pure": {
      "version": "7.27.3",
      "resolved": "https://registry.npmjs.org/@babel/helper-annotate-as-pure/-/helper-annotate-as-pure-7.27.3.tgz",
      "integrity": "sha512-fXSwMQqitTGeHLBC08Eq5yXz2m37E4pJX1qAU1+2cNedz/ifv/bVXft90VeSav5nFO61EcNgwr0aJxbyPaWBPg==",
      "dev": true,
      "license": "MIT",
      "dependencies": {
        "@babel/types": "^7.27.3"
      },
      "engines": {
        "node": ">=6.9.0"
      }
    },
    "node_modules/@babel/helper-compilation-targets": {
      "version": "7.28.6",
      "resolved": "https://registry.npmjs.org/@babel/helper-compilation-targets/-/helper-compilation-targets-7.28.6.tgz",
      "integrity": "sha512-JYtls3hqi15fcx5GaSNL7SCTJ2MNmjrkHXg4FSpOA/grxK8KwyZ5bubHsCq8FXCkua6xhuaaBit+3b7+VZRfcA==",
      "dev": true,
      "license": "MIT",
      "dependencies": {
        "@babel/compat-data": "^7.28.6",
        "@babel/helper-validator-option": "^7.27.1",
        "browserslist": "^4.24.0",
        "lru-cache": "^5.1.1",
        "semver": "^6.3.1"
      },
      "engines": {
        "node": ">=6.9.0"
      }
    },
    "node_modules/@babel/helper-create-class-features-plugin": {
      "version": "7.28.6",
      "resolved": "https://registry.npmjs.org/@babel/helper-create-class-features-plugin/-/helper-create-class-features-plugin-7.28.6.tgz",
      "integrity": "sha512-dTOdvsjnG3xNT9Y0AUg1wAl38y+4Rl4sf9caSQZOXdNqVn+H+HbbJ4IyyHaIqNR6SW9oJpA/RuRjsjCw2IdIow==",
      "dev": true,
      "license": "MIT",
      "dependencies": {
        "@babel/helper-annotate-as-pure": "^7.27.3",
        "@babel/helper-member-expression-to-functions": "^7.28.5",
        "@babel/helper-optimise-call-expression": "^7.27.1",
        "@babel/helper-replace-supers": "^7.28.6",
        "@babel/helper-skip-transparent-expression-wrappers": "^7.27.1",
        "@babel/traverse": "^7.28.6",
        "semver": "^6.3.1"
      },
      "engines": {
        "node": ">=6.9.0"
      },
      "peerDependencies": {
        "@babel/core": "^7.0.0"
      }
    },
    "node_modules/@babel/helper-globals": {
      "version": "7.28.0",
      "resolved": "https://registry.npmjs.org/@babel/helper-globals/-/helper-globals-7.28.0.tgz",
      "integrity": "sha512-+W6cISkXFa1jXsDEdYA8HeevQT/FULhxzR99pxphltZcVaugps53THCeiWA8SguxxpSp3gKPiuYfSWopkLQ4hw==",
      "dev": true,
      "license": "MIT",
      "engines": {
        "node": ">=6.9.0"
      }
    },
    "node_modules/@babel/helper-member-expression-to-functions": {
      "version": "7.28.5",
      "resolved": "https://registry.npmjs.org/@babel/helper-member-expression-to-functions/-/helper-member-expression-to-functions-7.28.5.tgz",
      "integrity": "sha512-cwM7SBRZcPCLgl8a7cY0soT1SptSzAlMH39vwiRpOQkJlh53r5hdHwLSCZpQdVLT39sZt+CRpNwYG4Y2v77atg==",
      "dev": true,
      "license": "MIT",
      "dependencies": {
        "@babel/traverse": "^7.28.5",
        "@babel/types": "^7.28.5"
      },
      "engines": {
        "node": ">=6.9.0"
      }
    },
    "node_modules/@babel/helper-module-imports": {
      "version": "7.28.6",
      "resolved": "https://registry.npmjs.org/@babel/helper-module-imports/-/helper-module-imports-7.28.6.tgz",
      "integrity": "sha512-l5XkZK7r7wa9LucGw9LwZyyCUscb4x37JWTPz7swwFE/0FMQAGpiWUZn8u9DzkSBWEcK25jmvubfpw2dnAMdbw==",
      "dev": true,
      "license": "MIT",
      "dependencies": {
        "@babel/traverse": "^7.28.6",
        "@babel/types": "^7.28.6"
      },
      "engines": {
        "node": ">=6.9.0"
      }
    },
    "node_modules/@babel/helper-module-transforms": {
      "version": "7.28.6",
      "resolved": "https://registry.npmjs.org/@babel/helper-module-transforms/-/helper-module-transforms-7.28.6.tgz",
      "integrity": "sha512-67oXFAYr2cDLDVGLXTEABjdBJZ6drElUSI7WKp70NrpyISso3plG9SAGEF6y7zbha/wOzUByWWTJvEDVNIUGcA==",
      "dev": true,
      "license": "MIT",
      "dependencies": {
        "@babel/helper-module-imports": "^7.28.6",
        "@babel/helper-validator-identifier": "^7.28.5",
        "@babel/traverse": "^7.28.6"
      },
      "engines": {
        "node": ">=6.9.0"
      },
      "peerDependencies": {
        "@babel/core": "^7.0.0"
      }
    },
    "node_modules/@babel/helper-optimise-call-expression": {
      "version": "7.27.1",
      "resolved": "https://registry.npmjs.org/@babel/helper-optimise-call-expression/-/helper-optimise-call-expression-7.27.1.tgz",
      "integrity": "sha512-URMGH08NzYFhubNSGJrpUEphGKQwMQYBySzat5cAByY1/YgIRkULnIy3tAMeszlL/so2HbeilYloUmSpd7GdVw==",
      "dev": true,
      "license": "MIT",
      "dependencies": {
        "@babel/types": "^7.27.1"
      },
      "engines": {
        "node": ">=6.9.0"
      }
    },
    "node_modules/@babel/helper-plugin-utils": {
      "version": "7.28.6",
      "resolved": "https://registry.npmjs.org/@babel/helper-plugin-utils/-/helper-plugin-utils-7.28.6.tgz",
      "integrity": "sha512-S9gzZ/bz83GRysI7gAD4wPT/AI3uCnY+9xn+Mx/KPs2JwHJIz1W8PZkg2cqyt3RNOBM8ejcXhV6y8Og7ly/Dug==",
      "dev": true,
      "license": "MIT",
      "engines": {
        "node": ">=6.9.0"
      }
    },
    "node_modules/@babel/helper-replace-supers": {
      "version": "7.28.6",
      "resolved": "https://registry.npmjs.org/@babel/helper-replace-supers/-/helper-replace-supers-7.28.6.tgz",
      "integrity": "sha512-mq8e+laIk94/yFec3DxSjCRD2Z0TAjhVbEJY3UQrlwVo15Lmt7C2wAUbK4bjnTs4APkwsYLTahXRraQXhb1WCg==",
      "dev": true,
      "license": "MIT",
      "dependencies": {
        "@babel/helper-member-expression-to-functions": "^7.28.5",
        "@babel/helper-optimise-call-expression": "^7.27.1",
        "@babel/traverse": "^7.28.6"
      },
      "engines": {
        "node": ">=6.9.0"
      },
      "peerDependencies": {
        "@babel/core": "^7.0.0"
      }
    },
    "node_modules/@babel/helper-skip-transparent-expression-wrappers": {
      "version": "7.27.1",
      "resolved": "https://registry.npmjs.org/@babel/helper-skip-transparent-expression-wrappers/-/helper-skip-transparent-expression-wrappers-7.27.1.tgz",
      "integrity": "sha512-Tub4ZKEXqbPjXgWLl2+3JpQAYBJ8+ikpQ2Ocj/q/r0LwE3UhENh7EUabyHjz2kCEsrRY83ew2DQdHluuiDQFzg==",
      "dev": true,
      "license": "MIT",
      "dependencies": {
        "@babel/traverse": "^7.27.1",
        "@babel/types": "^7.27.1"
      },
      "engines": {
        "node": ">=6.9.0"
      }
    },
    "node_modules/@babel/helper-string-parser": {
      "version": "7.27.1",
      "resolved": "https://registry.npmjs.org/@babel/helper-string-parser/-/helper-string-parser-7.27.1.tgz",
      "integrity": "sha512-qMlSxKbpRlAridDExk92nSobyDdpPijUq2DW6oDnUqd0iOGxmQjyqhMIihI9+zv4LPyZdRje2cavWPbCbWm3eA==",
      "license": "MIT",
      "engines": {
        "node": ">=6.9.0"
      }
    },
    "node_modules/@babel/helper-validator-identifier": {
      "version": "7.28.5",
      "resolved": "https://registry.npmjs.org/@babel/helper-validator-identifier/-/helper-validator-identifier-7.28.5.tgz",
      "integrity": "sha512-qSs4ifwzKJSV39ucNjsvc6WVHs6b7S03sOh2OcHF9UHfVPqWWALUsNUVzhSBiItjRZoLHx7nIarVjqKVusUZ1Q==",
      "license": "MIT",
      "engines": {
        "node": ">=6.9.0"
      }
    },
    "node_modules/@babel/helper-validator-option": {
      "version": "7.27.1",
      "resolved": "https://registry.npmjs.org/@babel/helper-validator-option/-/helper-validator-option-7.27.1.tgz",
      "integrity": "sha512-YvjJow9FxbhFFKDSuFnVCe2WxXk1zWc22fFePVNEaWJEu8IrZVlda6N0uHwzZrUM1il7NC9Mlp4MaJYbYd9JSg==",
      "dev": true,
      "license": "MIT",
      "engines": {
        "node": ">=6.9.0"
      }
    },
    "node_modules/@babel/helpers": {
      "version": "7.29.2",
      "resolved": "https://registry.npmjs.org/@babel/helpers/-/helpers-7.29.2.tgz",
      "integrity": "sha512-HoGuUs4sCZNezVEKdVcwqmZN8GoHirLUcLaYVNBK2J0DadGtdcqgr3BCbvH8+XUo4NGjNl3VOtSjEKNzqfFgKw==",
      "dev": true,
      "license": "MIT",
      "dependencies": {
        "@babel/template": "^7.28.6",
        "@babel/types": "^7.29.0"
      },
      "engines": {
        "node": ">=6.9.0"
      }
    },
    "node_modules/@babel/parser": {
      "version": "7.29.2",
      "resolved": "https://registry.npmjs.org/@babel/parser/-/parser-7.29.2.tgz",
      "integrity": "sha512-4GgRzy/+fsBa72/RZVJmGKPmZu9Byn8o4MoLpmNe1m8ZfYnz5emHLQz3U4gLud6Zwl0RZIcgiLD7Uq7ySFuDLA==",
      "license": "MIT",
      "dependencies": {
        "@babel/types": "^7.29.0"
      },
      "bin": {
        "parser": "bin/babel-parser.js"
      },
      "engines": {
        "node": ">=6.0.0"
      }
    },
    "node_modules/@babel/plugin-proposal-decorators": {
      "version": "7.29.0",
      "resolved": "https://registry.npmjs.org/@babel/plugin-proposal-decorators/-/plugin-proposal-decorators-7.29.0.tgz",
      "integrity": "sha512-CVBVv3VY/XRMxRYq5dwr2DS7/MvqPm23cOCjbwNnVrfOqcWlnefua1uUs0sjdKOGjvPUG633o07uWzJq4oI6dA==",
      "dev": true,
      "license": "MIT",
      "dependencies": {
        "@babel/helper-create-class-features-plugin": "^7.28.6",
        "@babel/helper-plugin-utils": "^7.28.6",
        "@babel/plugin-syntax-decorators": "^7.28.6"
      },
      "engines": {
        "node": ">=6.9.0"
      },
      "peerDependencies": {
        "@babel/core": "^7.0.0-0"
      }
    },
    "node_modules/@babel/plugin-syntax-decorators": {
      "version": "7.28.6",
      "resolved": "https://registry.npmjs.org/@babel/plugin-syntax-decorators/-/plugin-syntax-decorators-7.28.6.tgz",
      "integrity": "sha512-71EYI0ONURHJBL4rSFXnITXqXrrY8q4P0q006DPfN+Rk+ASM+++IBXem/ruokgBZR8YNEWZ8R6B+rCb8VcUTqA==",
      "dev": true,
      "license": "MIT",
      "dependencies": {
        "@babel/helper-plugin-utils": "^7.28.6"
      },
      "engines": {
        "node": ">=6.9.0"
      },
      "peerDependencies": {
        "@babel/core": "^7.0.0-0"
      }
    },
    "node_modules/@babel/plugin-syntax-import-attributes": {
      "version": "7.28.6",
      "resolved": "https://registry.npmjs.org/@babel/plugin-syntax-import-attributes/-/plugin-syntax-import-attributes-7.28.6.tgz",
      "integrity": "sha512-jiLC0ma9XkQT3TKJ9uYvlakm66Pamywo+qwL+oL8HJOvc6TWdZXVfhqJr8CCzbSGUAbDOzlGHJC1U+vRfLQDvw==",
      "dev": true,
      "license": "MIT",
      "dependencies": {
        "@babel/helper-plugin-utils": "^7.28.6"
      },
      "engines": {
        "node": ">=6.9.0"
      },
      "peerDependencies": {
        "@babel/core": "^7.0.0-0"
      }
    },
    "node_modules/@babel/plugin-syntax-import-meta": {
      "version": "7.10.4",
      "resolved": "https://registry.npmjs.org/@babel/plugin-syntax-import-meta/-/plugin-syntax-import-meta-7.10.4.tgz",
      "integrity": "sha512-Yqfm+XDx0+Prh3VSeEQCPU81yC+JWZ2pDPFSS4ZdpfZhp4MkFMaDC1UqseovEKwSUpnIL7+vK+Clp7bfh0iD7g==",
      "dev": true,
      "license": "MIT",
      "dependencies": {
        "@babel/helper-plugin-utils": "^7.10.4"
      },
      "peerDependencies": {
        "@babel/core": "^7.0.0-0"
      }
    },
    "node_modules/@babel/plugin-syntax-jsx": {
      "version": "7.28.6",
      "resolved": "https://registry.npmjs.org/@babel/plugin-syntax-jsx/-/plugin-syntax-jsx-7.28.6.tgz",
      "integrity": "sha512-wgEmr06G6sIpqr8YDwA2dSRTE3bJ+V0IfpzfSY3Lfgd7YWOaAdlykvJi13ZKBt8cZHfgH1IXN+CL656W3uUa4w==",
      "dev": true,
      ß^tÖÚ$z{-®éÜj×6–öâ#¢#ã"ã2"ÀÐ¢'&W6öÇfVB#¢&‡GG3¢ò÷&Vv—7G'’æçÖ§2æ÷&r÷WFFRÖ'&÷w6W'6Æ—7BÖF"òÒ÷WFFRÖ'&÷w6W'6Æ—7BÖF"Óã"ã2çFw¢"ÀÐ¢&–çFVw&—G’#¢'6†S"Ô§3Ó–7‚·ötG†óTÖ”dtWVUw§G¢¶CB´Ó7$vÆÔµBµCD•2ö¥G–Çs4çwSf7EE…#Ô3´cEf&DÇC4&c#—sÓÒ"ÀÐ¢&FWb#¢G'VRÀÐ¢&gVæF–ær#¢°Ð¢°Ð¢'G—R#¢&÷Væ6öÆÆV7F—fR"ÀÐ¢'W&Â#¢&‡GG3¢òö÷Væ6öÆÆV7F—fRæ6öÒö'&÷w6W'6Æ—7B Ð¢ÒÀÐ¢°Ð¢'G—R#¢'F–FVÆ–gB"ÀÐ¢'W&Â#¢&‡GG3¢ò÷F–FVÆ–gBæ6öÒögVæF–æröv—F‡V"öçÒö'&÷w6W'6Æ—7B Ð¢ÒÀÐ¢°Ð¢'G—R#¢&v—F‡V""ÀÐ¢'W&Â#¢&‡GG3¢òöv—F‡V"æ6öÒ÷7öç6÷'2ö’ Ð¢ÐÐ¢ÒÀÐ¢&Æ–6Vç6R#¢$Ô•B"ÀÐ¢&FWVæFVæ6–W2#¢°Ð¢&W66ÆFR#¢%ã2ã"ã"ÀÐ¢'–6ö6öÆ÷'2#¢%ããã Ð¢ÒÀÐ¢&&–â#¢°Ð¢'WFFRÖ'&÷w6W'6Æ—7BÖF"#¢&6Æ’æ§2 Ð¢ÒÀÐ¢'VW$FWVæFVæ6–W2#¢°Ð¢&'&÷w6W'6Æ—7B#¢#ãÒBã#ã Ð¢ÐÐ¢ÒÀÐ¢&æöFUöÖöGVÆW2÷f—FR#¢°Ð¢'fW'6–öâ#¢#‚ããr"ÀÐ¢'&W6öÇfVB#¢&‡GG3¢ò÷&Vv—7G'’æçÖ§2æ÷&r÷f—FRòÒ÷f—FRÓ‚ããrçFw¢"ÀÐ¢&–çFVw&—G’#¢'6†S"Õ'vTB³"÷VGÆåF‡£6'DcF6cdu·“v¶³#5'D…V´¤•ST$—‡u&…$vÔô‡3deD“uV”v%Dç&tåf¥5”Cd¦&çsÓÒ"ÀÐ¢&FWb#¢G'VRÀÐ¢&Æ–6Vç6R#¢$Ô•B"ÀÐ¢'VW"#¢G'VRÀÐ¢&FWVæFVæ6–W2#¢°Ð¢&Æ–v‡Fæ–æv772#¢%ãã3"ã"ÀÐ¢'–6öÖF6‚#¢%ãBããB"ÀÐ¢'÷7F772#¢%ã‚ãRã‚"ÀÐ¢'&öÆÆF÷vâ#¢#ãã×&2ã2"ÀÐ¢'F–ç–vÆö&'’#¢%ãã"ãR Ð¢ÒÀÐ¢&&–â#¢°Ð¢'f—FR#¢&&–â÷f—FRæ§2 Ð¢ÒÀÐ¢&Væv–æW2#¢°Ð¢&æöFR#¢%ã#ã’ãÇÂãÓ#"ã"ã Ð¢ÒÀÐ¢&gVæF–ær#¢°Ð¢'W&Â#¢&‡GG3¢òöv—F‡V"æ6öÒ÷f—FV§2÷f—FS÷7öç6÷#Ó Ð¢ÒÀÐ¢&÷F–öæÄFWVæFVæ6–W2#¢°Ð¢&g6WfVçG2#¢'ã"ã2ã2 Ð¢ÒÀÐ¢'VW$FWVæFVæ6–W2#¢°Ð¢$G—W2öæöFR#¢%ã#ã’ãÇÂãÓ#"ã"ã"ÀÐ¢$f—FV§2öFWgFööÇ2#¢%ããã"ÀÐ¢&W6'V–ÆB#¢%ãã#rãÇÂãã#‚ã"ÀÐ¢&¦—F’#¢#ãÓã#ã"ÀÐ¢&ÆW72#¢%ãBãã"ÀÐ¢'672#¢%ããsã"ÀÐ¢'672ÖVÖ&VFFVB#¢%ããsã"ÀÐ¢'7G–ÇW2#¢#ãÓãSBã‚"ÀÐ¢'7Vv'72#¢%ãRãã"ÀÐ¢'FW'6W"#¢%ãRãbã"ÀÐ¢'G7‚#¢%ãBã‚ã"ÀÐ¢'–ÖÂ#¢%ã"ãBã" Ð¢ÒÀÐ¢'VW$FWVæFVæ6–W4ÖWF#¢°Ð¢$G—W2öæöFR#¢°Ð¢&÷F–öæÂ#¢G'VPÐ¢ÒÀÐ¢$f—FV§2öFWgFööÇ2#¢°Ð¢&÷F–öæÂ#¢G'VPÐ¢ÒÀÐ¢&W6'V–ÆB#¢°Ð¢&÷F–öæÂ#¢G'VPÐ¢ÒÀÐ¢&¦—F’#¢°Ð¢&÷F–öæÂ#¢G'VPÐ¢ÒÀÐ¢&ÆW72#¢°Ð¢&÷F–öæÂ#¢G'VPÐ¢ÒÀÐ¢'672#¢°Ð¢&÷F–öæÂ#¢G'VPÐ¢ÒÀÐ¢'672ÖVÖ&VFFVB#¢°Ð¢&÷F–öæÂ#¢G'VPÐ¢ÒÀÐ¢'7G–ÇW2#¢°Ð¢&÷F–öæÂ#¢G'VPÐ¢ÒÀÐ¢'7Vv'72#¢°Ð¢&÷F–öæÂ#¢G'VPÐ¢ÒÀÐ¢'FW'6W"#¢°Ð¢&÷F–öæÂ#¢G'VPÐ¢ÒÀÐ¢'G7‚#¢°Ð¢&÷F–öæÂ#¢G'VPÐ¢ÒÀÐ¢'–ÖÂ#¢°Ð¢&÷F–öæÂ#¢G'VPÐ¢ÐÐ¢ÐÐ¢ÒÀÐ¢&æöFUöÖöGVÆW2÷f—FR×ÇVv–â×gVRÖFWgFööÇ2#¢°Ð¢'fW'6–öâ#¢#‚ãã"ÀÐ¢'&W6öÇfVB#¢&‡GG3¢ò÷&Vv—7G'’æçÖ§2æ÷&r÷f—FR×ÇVv–â×gVRÖFWgFööÇ2òÒ÷f—FR×ÇVv–â×gVRÖFWgFööÇ2Ó‚ããçFw¢"ÀÐ¢&–çFVw&—G’#¢'6†S"Ó—GöÕ£'d‡fÄ“–†Ee„'“D“„v4$%Sv“d–cve•‡“Ãæ#eƒFÔe“$wsE—6„‡TÆ$–ÃVÆ#Ss%46§5ÓÒ"ÀÐ¢&FWb#¢G'VRÀÐ¢&Æ–6Vç6R#¢$Ô•B"ÀÐ¢&FWVæFVæ6–W2#¢°Ð¢$gVRöFWgFööÇ2Ö6÷&R#¢%ã‚ãã"ÀÐ¢$gVRöFWgFööÇ2Ö¶—B#¢%ã‚ãã"ÀÐ¢$gVRöFWgFööÇ2×6†&VB#¢%ã‚ãã"ÀÐ¢'6—'b#¢%ã2ãã""ÀÐ¢'f—FR×ÇVv–âÖ–ç7V7B#¢%ãã2ã2"ÀÐ¢'f—FR×ÇVv–â×gVRÖ–ç7V7F÷"#¢%ãRã2ã" Ð¢ÒÀÐ¢&Væv–æW2#¢°Ð¢&æöFR#¢#ã×cBã#ã2 Ð¢ÒÀÐ¢'VW$FWVæFVæ6–W2#¢°Ð¢'f—FR#¢%ãbããÇÂãrããÇÂã‚ãã Ð¢ÐÐ¢ÒÀÐ¢&æöFUöÖöGVÆW2÷f—FR×ÇVv–â×gVRÖFWgFööÇ2öæöFUöÖöGVÆW2ôgVRöFWgFööÇ2Ö¶—B#¢°Ð¢'fW'6–öâ#¢#‚ãã"ÀÐ¢'&W6öÇfVB#¢&‡GG3¢ò÷&Vv—7G'’æçÖ§2æ÷&rôgVRöFWgFööÇ2Ö¶—BòÒöFWgFööÇ2Ö¶—BÓ‚ããçFw¢"ÀÐ¢&–çFVw&—G’#¢'6†S"Öud&'b²¶’¶FsD§ƒs³—ÃG6÷•#u“$Ö4WóU”æwc$“´Õ£t$EƒVvçvµ£T4õ–v”7–†V¥¤r·”tç$$¦£d6÷sÓÒ"ÀÐ¢&FWb#¢G'VRÀÐ¢&Æ–6Vç6R#¢$Ô•B"ÀÐ¢&FWVæFVæ6–W2#¢°Ð¢$gVRöFWgFööÇ2×6†&VB#¢%ã‚ãã"ÀÐ¢&&—'2#¢%ã"ãbã"ÀÐ¢&†öö¶&ÆR#¢%ãRãRã2"ÀÐ¢'W&fV7BÖFV&÷Væ6R#¢%ã"ãã Ð¢ÐÐ¢ÒÀÐ¢&æöFUöÖöGVÆW2÷f—FR×ÇVv–â×gVRÖFWgFööÇ2öæöFUöÖöGVÆW2ôgVRöFWgFööÇ2×6†&VB#¢°Ð¢'fW'6–öâ#¢#‚ãã"ÀÐ¢'&W6öÇfVB#¢&‡GG3¢ò÷&Vv—7G'’æçÖ§2æ÷&rôgVRöFWgFööÇ2×6†&VBòÒöFWgFööÇ2×6†&VBÓ‚ããçFw¢"ÀÐ¢&–çFVw&—G’#¢'6†S"Ò¶ƒGGFÔ¥–Â÷G‡„„¶õ¦6·2·f6¶tÇ¤”F•5Æv´·F„¶ƒ„·WvôÅs$C†…¤Vç·¥„÷gSUT„Vôw–æt„7£UÓÒ"ÀÐ¢&FWb#¢G'VRÀÐ¢&Æ–6Vç6R#¢$Ô•B Ð¢ÒÀÐ¢&æöFUöÖöGVÆW2÷f—FR×ÇVv–â×gVRÖFWgFööÇ2öæöFUöÖöGVÆW2÷W&fV7BÖFV&÷Væ6R#¢°Ð¢'fW'6–öâ#¢#"ãã"ÀÐ¢'&W6öÇfVB#¢&‡GG3¢ò÷&Vv—7G'’æçÖ§2æ÷&r÷W&fV7BÖFV&÷Væ6RòÒ÷W&fV7BÖFV&÷Væ6RÓ"ããçFw¢"ÀÐ¢&–çFVw&—G’#¢'6†S"ÔÆ¦vEG—Ede†UVwD…§#•u•f••4Òös„Ö¶5E”FÅ64GÖ—$†¤¶•5¥–CdFôÃw³„¥"·Uvµd6¤„æF”×7$§2¶sÓÒ"ÀÐ¢&FWb#¢G'VRÀÐ¢&Æ–6Vç6R#¢$Ô•B Ð¢ÒÀÐ¢&æöFUöÖöGVÆW2÷f—FR×ÇVv–â×gVRÖFWgFööÇ2öæöFUöÖöGVÆW2÷f—FR×ÇVv–âÖ–ç7V7B#¢°Ð¢'fW'6–öâ#¢#ã2ã2"ÀÐ¢'&W6öÇfVB#¢&‡GG3¢ò÷&Vv—7G'’æçÖ§2æ÷&r÷f—FR×ÇVv–âÖ–ç7V7BòÒ÷f—FR×ÇVv–âÖ–ç7V7BÓã2ã2çFw¢"ÀÐ¢&–çFVw&—G’#¢'6†S"×S&UcTÆ“–ô†õ•„SeWf'vtW´´õw£ƒgtÖsC46÷5g„&´#fSW…æU¦e–t³Fö¥¥6£Vä„7&çd3#GufE$ÓÒ"ÀÐ¢&FWb#¢G'VRÀÐ¢&Æ–6Vç6R#¢$Ô•B"ÀÐ¢&FWVæFVæ6–W2#¢°Ð¢&ç6—2#¢%ãBãã"ÀÐ¢&FV'Vr#¢%ãBãBã"ÀÐ¢&W'&÷"×7F6²×'6W"ÖW2#¢%ãããR"ÀÐ¢&ö†6‚#¢%ã"ãã"ÀÐ¢&÷Vâ#¢%ãã"ã"ÀÐ¢'W&fV7BÖFV&÷Væ6R#¢%ã"ãã"ÀÐ¢'6—'b#¢%ã2ãã"ÀÐ¢'VçÇVv–â×WF–Ç2#¢%ãã2ã"ÀÐ¢'f—FRÖFWb×'2#¢%ããã Ð¢ÒÀÐ¢&Væv–æW2#¢°Ð¢&æöFR#¢#ãÓB Ð¢ÒÀÐ¢&gVæF–ær#¢°Ð¢'W&Â#¢&‡GG3¢òöv—F‡V"æ6öÒ÷7öç6÷'2öçFgR Ð¢ÒÀÐ¢'VW$FWVæFVæ6–W2#¢°Ð¢'f—FR#¢%ãbããÇÂãrããÓ Ð¢ÒÀÐ¢'VW$FWVæFVæ6–W4ÖWF#¢°Ð¢$çW‡Bö¶—B#¢°Ð¢&÷F–öæÂ#¢G'VPÐ¢ÐÐ¢ÐÐ¢ÒÀÐ¢&æöFUöÖöGVÆW2÷f—FR×ÇVv–â×gVRÖFWgFööÇ2öæöFUöÖöGVÆW2÷f—FR×ÇVv–âÖ–ç7V7BöæöFUöÖöGVÆW2÷f—FRÖFWb×'2#¢°Ð¢'fW'6–öâ#¢#ãã"ÀÐ¢'&W6öÇfVB#¢&‡GG3¢ò÷&Vv—7G'’æçÖ§2æ÷&r÷f—FRÖFWb×'2òÒ÷f—FRÖFWb×'2ÓããçFw¢"ÀÐ¢&–çFVw&—G’#¢'6†S"×µ…¦Ævõ„vôS‡4T¶”´¥6æsF„“5Gv“U•C#Dd7'w$ÇCf÷Ö¶¦ÇfÖ•ut¦ã„Ó†'”×…$w§7$gW3DÒõ£3”ÓÒ"ÀÐ¢&FWb#¢G'VRÀÐ¢&Æ–6Vç6R#¢$Ô•B"ÀÐ¢&FWVæFVæ6–W2#¢°Ð¢&&—'2#¢%ã"ãBã"ÀÐ¢'f—FRÖ†÷BÖ6Æ–VçB#¢%ã"ãã Ð¢ÒÀÐ¢&gVæF–ær#¢°Ð¢'W&Â#¢&‡GG3¢òöv—F‡V"æ6öÒ÷7öç6÷'2öçFgR Ð¢ÒÀÐ¢'VW$FWVæFVæ6–W2#¢°Ð¢'f—FR#¢%ã"ã’ãÇÂã2ããÓÇÂãBããÓÇÂãRããÓÇÂãbããÇÂãrããÓ Ð¢ÐÐ¢ÒÀÐ¢&æöFUöÖöGVÆW2÷f—FR×ÇVv–â×gVRÖFWgFööÇ2öæöFUöÖöGVÆW2÷f—FR×ÇVv–âÖ–ç7V7BöæöFUöÖöGVÆW2÷f—FRÖFWb×'2öæöFUöÖöGVÆW2÷f—FRÖ†÷BÖ6Æ–VçB#¢°Ð¢'fW'6–öâ#¢#"ãã"ÀÐ¢'&W6öÇfVB#¢&‡GG3¢ò÷&Vv—7G'’æçÖ§2æ÷&r÷f—FRÖ†÷BÖ6Æ–VçBòÒ÷f—FRÖ†÷BÖ6Æ–VçBÓ"ããçFw¢"ÀÐ¢&–çFVw&—G’#¢'6†S"Óu7u¦ÕSu"¶DFå6×e„SÖdGFä„Ä…6—6G•5e#vÄó†6T‡dÓ÷E¦WUd3„Ç%3VBö—•õ£„“Â¶D•&ÓE–ÄeÓÒ"ÀÐ¢&FWb#¢G'VRÀÐ¢&Æ–6Vç6R#¢$Ô•B"ÀÐ¢&gVæF–ær#¢°Ð¢'W&Â#¢&‡GG3¢òöv—F‡V"æ6öÒ÷7öç6÷'2öçFgR Ð¢ÒÀÐ¢'VW$FWVæFVæ6–W2#¢°Ð¢'f—FR#¢%ã"ãbãÇÂã2ããÇÂãBããÇÂãRããÓÇÂãbããÓÇÂãrããÓ Ð¢ÐÐ¢ÒÀÐ¢&æöFUöÖöGVÆW2÷f—FR×ÇVv–â×gVRÖ–ç7V7F÷"#¢°Ð¢'fW'6–öâ#¢#RãBã"ÀÐ¢'&W6öÇfVB#¢&‡GG3¢ò÷&Vv—7G'’æçÖ§2æ÷&r÷f—FR×ÇVv–â×gVRÖ–ç7V7F÷"òÒ÷f—FR×ÇVv–â×gVRÖ–ç7V7F÷"ÓRãBãçFw¢"ÀÐ¢&–çFVw&—G’#¢'6†S"Ô—ó#D7–F4SCde§uSGCFÇsGU”öDÆäe4ó$ç„¥gC'“—§„–¦Öæ´'„†å–&UtÓƒ&¶Ôææ‡3tö¶fu'%c$tV§—sÓÒ"ÀÐ¢&FWb#¢G'VRÀÐ¢&Æ–6Vç6R#¢$Ô•B"ÀÐ¢&FWVæFVæ6–W2#¢°Ð¢$&&VÂö6÷&R#¢%ãrã#2ã"ÀÐ¢$&&VÂ÷ÇVv–â×&÷÷6ÂÖFV6÷&F÷'2#¢%ãrã#2ã"ÀÐ¢$&&VÂ÷ÇVv–â×7–çF‚Ö–×÷'BÖGG&–'WFW2#¢%ãrã#"ãR"ÀÐ¢$&&VÂ÷ÇVv–â×7–çF‚Ö–×÷'BÖÖWF#¢%ãrããB"ÀÐ¢$&&VÂ÷ÇVv–â×G&ç6f÷&Ò×G—W67&—B#¢%ãrã#"ãR"ÀÐ¢$gVRö&&VÂ×ÇVv–âÖ§7‚#¢%ãããR"ÀÐ¢$gVRö6ö×–ÆW"ÖFöÒ#¢%ã2ã2ãB"ÀÐ¢&¶öÆ÷&—7B#¢%ãã‚ã"ÀÐ¢&Öv–2×7G&–ær#¢%ãã3ãB Ð¢ÒÀÐ¢'VW$FWVæFVæ6–W2#¢°Ð¢'f—FR#¢%ã2ããÇÂãBããÇÂãRããÇÂãbããÇÂãrããÇÂã‚ãã Ð¢ÐÐ¢ÒÀÐ¢&æöFUöÖöGVÆW2÷g66öFR×W&’#¢°Ð¢'fW'6–öâ#¢#2ãã"ÀÐ¢'&W6öÇfVB#¢&‡GG3¢ò÷&Vv—7G'’æçÖ§2æ÷&r÷g66öFR×W&’òÒ÷g66öFR×W&’Ó2ããçFw¢"ÀÐ¢&–çFVw&—G’#¢'6†S"Òô'E7‚·”5vä7fV6'•†G„„F·V³SRôs7‡vä3w“FvÕ6¢´¶s†·§¦t#Dæ²õ4”æ§ãb·vs4Vv%dc%´W†µ'…ÓÒ"ÀÐ¢&FWb#¢G'VRÀÐ¢&Æ–6Vç6R#¢$Ô•B Ð¢ÒÀÐ¢&æöFUöÖöGVÆW2÷gVR#¢°Ð¢'fW'6–öâ#¢#2ãRã3"ÀÐ¢'&W6öÇfVB#¢&‡GG3¢ò÷&Vv—7G'’æçÖ§2æ÷&r÷gVRòÒ÷gVRÓ2ãRã3çFw¢"ÀÐ¢&–çFVw&—G’#¢'6†S"Ö•b÷5S•7¤öÆÔóG–u6Ö¦´Tãd¦'36åô•f„4ÔÄC%5G&¦tõS„Eƒu§G¤Ö†sF…gvcU'”¶ôg¦5†T#§%f$Ä'RõÓÒ"ÀÐ¢&Æ–6Vç6R#¢$Ô•B"ÀÐ¢'VW"#¢G'VRÀÐ¢&FWVæFVæ6–W2#¢°Ð¢$gVRö6ö×–ÆW"ÖFöÒ#¢#2ãRã3"ÀÐ¢$gVRö6ö×–ÆW"×6f2#¢#2ãRã3"ÀÐ¢$gVR÷'VçF–ÖRÖFöÒ#¢#2ãRã3"ÀÐ¢$gVR÷6W'fW"×&VæFW&W"#¢#2ãRã3"ÀÐ¢$gVR÷6†&VB#¢#2ãRã3 Ð¢ÒÀÐ¢'VW$FWVæFVæ6–W2#¢°Ð¢'G—W67&—B#¢"¢ Ð¢ÒÀÐ¢'VW$FWVæFVæ6–W4ÖWF#¢°Ð¢'G—W67&—B#¢°Ð¢&÷F–öæÂ#¢G'VPÐ¢ÐÐ¢ÐÐ¢ÒÀÐ¢&æöFUöÖöGVÆW2÷gVR×&÷WFW"#¢°Ð¢'fW'6–öâ#¢#RããB"ÀÐ¢'&W6öÇfVB#¢&‡GG3¢ò÷&Vv—7G'’æçÖ§2æ÷&r÷gVR×&÷WFW"òÒ÷gVR×&÷WFW"ÓRããBçFw¢"ÀÐ¢&–çFVw&—G’#¢'6†S"ÖÄ7DÄ4“"¶dµe&Ã$÷¥‡W¦E5v×…„dÅ'…&Ô‡Vvå'D×•–•B¶„æ–5cfsTd$„E†õ—%£dÕ5ƒƒt'f%“†Õ#&sÓÒ"ÀÐ¢&Æ–6Vç6R#¢$Ô•B"ÀÐ¢&FWVæFVæ6–W2#¢°Ð¢$&&VÂövVæW&F÷"#¢%ãrã#‚ãb"ÀÐ¢$gVRÖÖ7&÷2ö6öÖÖöâ#¢%ã2ãã"ÀÐ¢$gVRöFWgFööÇ2Ö’#¢%ã‚ããb"ÀÐ¢&7B×vÆ¶W"×66÷R#¢%ãã‚ã2"ÀÐ¢&6†ö¶–F"#¢%ãRãã"ÀÐ¢&§6öãR#¢%ã"ã"ã2"ÀÐ¢&Æö6Â×¶r#¢%ããã""ÀÐ¢&Öv–2×7G&–ær#¢%ãã3ã#"ÀÐ¢&ÖÆÇ’#¢%ãã‚ã"ÀÐ¢&×VvvÆR×7G&–ær#¢%ããBã"ÀÐ¢'F†R#¢%ã"ãã2"ÀÐ¢'–6öÖF6‚#¢%ãBãã2"ÀÐ¢'67VÆR#¢%ãã2ã"ÀÐ¢'F–ç–vÆö&'’#¢%ãã"ãR"ÀÐ¢'VçÇVv–â#¢%ã2ãã"ÀÐ¢'VçÇVv–â×WF–Ç2#¢%ãã2ã"ÀÐ¢'–ÖÂ#¢%ã"ã‚ã" Ð¢ÒÀÐ¢&gVæF–ær#¢°Ð¢'W&Â#¢&‡GG3¢òöv—F‡V"æ6öÒ÷7öç6÷'2÷÷7f Ð¢ÒÀÐ¢'VW$FWVæFVæ6–W2#¢°Ð¢$–æ–ö6öÆF#¢#ãÓã#ã""ÀÐ¢$gVRö6ö×–ÆW"×6f2#¢%ã2ãRãr"ÀÐ¢'–æ–#¢%ã2ããB"ÀÐ¢'gVR#¢%ã2ãRã Ð¢ÒÀÐ¢'VW$FWVæFVæ6–W4ÖWF#¢°Ð¢$–æ–ö6öÆF#¢°Ð¢&÷F–öæÂ#¢G'VPÐ¢ÒÀÐ¢$gVRö6ö×–ÆW"×6f2#¢°Ð¢&÷F–öæÂ#¢G'VPÐ¢ÒÀÐ¢'–æ–#¢°Ð¢&÷F–öæÂ#¢G'VPÐ¢ÐÐ¢ÐÐ¢ÒÀÐ¢&æöFUöÖöGVÆW2÷gVR×&÷WFW"öæöFUöÖöGVÆW2ôgVRöFWgFööÇ2Ö’#¢°Ð¢'fW'6–öâ#¢#‚ãã"ÀÐ¢'&W6öÇfVB#¢&‡GG3¢ò÷&Vv—7G'’æçÖ§2æ÷&rôgVRöFWgFööÇ2Ö’òÒöFWgFööÇ2Ö’Ó‚ããçFw¢"ÀÐ¢&–çFVw&—G’#¢'6†S"Ö'4DÔ£v#4tãUgt¦"ög”fæ¢õS&–×—7t³UUdÅ§ufÃtóV¤G'Cd$‡†TsU†ffÔôöF4ö¢ö$öÔ–§„§du…Sw7sÓÒ"ÀÐ¢&Æ–6Vç6R#¢$Ô•B"ÀÐ¢&FWVæFVæ6–W2#¢°Ð¢$gVRöFWgFööÇ2Ö¶—B#¢%ã‚ãã Ð¢ÐÐ¢ÒÀÐ¢&æöFUöÖöGVÆW2÷gVR×&÷WFW"öæöFUöÖöGVÆW2ôgVRöFWgFööÇ2Ö¶—B#¢°Ð¢'fW'6–öâ#¢#‚ãã"ÀÐ¢'&W6öÇfVB#¢&‡GG3¢ò÷&Vv—7G'’æçÖ§2æ÷&rôgVRöFWgFööÇ2Ö¶—BòÒöFWgFööÇ2Ö¶—BÓ‚ããçFw¢"ÀÐ¢&–çFVw&—G’#¢'6†S"Öud&'b²¶’¶FsD§ƒs³—ÃG6÷•#u“$Ö4WóU”æwc$“´Õ£t$EƒVvçvµ£T4õ–v”7–†V¥¤r·”tç$$¦£d6÷sÓÒ"ÀÐ¢&Æ–6Vç6R#¢$Ô•B"ÀÐ¢&FWVæFVæ6–W2#¢°Ð¢$gVRöFWgFööÇ2×6†&VB#¢%ã‚ãã"ÀÐ¢&&—'2#¢%ã"ãbã"ÀÐ¢&†öö¶&ÆR#¢%ãRãRã2"ÀÐ¢'W&fV7BÖFV&÷Væ6R#¢%ã"ãã Ð¢ÐÐ¢ÒÀÐ¢&æöFUöÖöGVÆW2÷gVR×&÷WFW"öæöFUöÖöGVÆW2ôgVRöFWgFööÇ2×6†&VB#¢°Ð¢'fW'6–öâ#¢#‚ãã"ÀÐ¢'&W6öÇfVB#¢&‡GG3¢ò÷&Vv—7G'’æçÖ§2æ÷&rôgVRöFWgFööÇ2×6†&VBòÒöFWgFööÇ2×6†&VBÓ‚ããçFw¢"ÀÐ¢&–çFVw&—G’#¢'6†S"Ò¶ƒGGFÔ¥–Â÷G‡„„¶õ¦6·2·f6¶tÇ¤”F•5Æv´·F„¶ƒ„·WvôÅs$C†…¤Vç·¥„÷gSUT„Vôw–æt„7£UÓÒ"ÀÐ¢&Æ–6Vç6R#¢$Ô•B Ð¢ÒÀÐ¢&æöFUöÖöGVÆW2÷gVR×&÷WFW"öæöFUöÖöGVÆW2÷W&fV7BÖFV&÷Væ6R#¢°Ð¢'fW'6–öâ#¢#"ãã"ÀÐ¢'&W6öÇfVB#¢&‡GG3¢ò÷&Vv—7G'’æçÖ§2æ÷&r÷W&fV7BÖFV&÷Væ6RòÒ÷W&fV7BÖFV&÷Væ6RÓ"ããçFw¢"ÀÐ¢&–çFVw&—G’#¢'6†S"ÔÆ¦vEG—Ede†UVwD…§#•u•f••4Òös„Ö¶5E”FÅ64GÖ—$†¤¶•5¥–CdFôÃw³„¥"·Uvµd6¤„æF”×7$§2¶sÓÒ"ÀÐ¢&Æ–6Vç6R#¢$Ô•B Ð¢ÒÀÐ¢&æöFUöÖöGVÆW2÷gVR×G62#¢°Ð¢'fW'6–öâ#¢#2ã"ãb"ÀÐ¢'&W6öÇfVB#¢&‡GG3¢ò÷&Vv—7G'’æçÖ§2æ÷&r÷gVR×G62òÒ÷gVR×G62Ó2ã"ãbçFw¢"ÀÐ¢&–çFVw&—G’#¢'6†S"Öu•röµt“‡'tw¦C¶3wEd"÷FT´•¤Äå¦#ô–æ—¦µ¤†¦åC‡vU¢÷d&%¦ö£F´„¶%UE¥Bö$fvô÷#‡ƒDç5õÓÒ"ÀÐ¢&FWb#¢G'VRÀÐ¢&Æ–6Vç6R#¢$Ô•B"ÀÐ¢&FWVæFVæ6–W2#¢°Ð¢$föÆ"÷G—W67&—B#¢#"ãBã#‚"ÀÐ¢$gVRöÆæwVvRÖ6÷&R#¢#2ã"ãb Ð¢ÒÀÐ¢&&–â#¢°Ð¢'gVR×G62#¢&&–â÷gVR×G62æ§2 Ð¢ÒÀÐ¢'VW$FWVæFVæ6–W2#¢°Ð¢'G—W67&—B#¢#ãÓRãã Ð¢ÐÐ¢ÒÀÐ¢&æöFUöÖöGVÆW2÷vV'6²×f—'GVÂÖÖöGVÆW2#¢°Ð¢'fW'6–öâ#¢#ãbã""ÀÐ¢'&W6öÇfVB#¢&‡GG3¢ò÷&Vv—7G'’æçÖ§2æ÷&r÷vV'6²×f—'GVÂÖÖöGVÆW2òÒ÷vV'6²×f—'GVÂÖÖöGVÆW2Óãbã"çFw¢"ÀÐ¢&–çFVw&—G’#¢'6†S"Ócbõc&“V…ä3Sd%µƒF“„äÔ4%sS”ed'2·$3vTt‡W×–fã3Gw%¤”R´UFÄ¢µ…FWgeV…ed&u5Tå5s&fÄUUÓÒ"ÀÐ¢&Æ–6Vç6R#¢$Ô•B Ð¢ÒÀÐ¢&æöFUöÖöGVÆW2÷v†–6‚#¢°Ð¢'fW'6–öâ#¢#Rãã"ÀÐ¢'&W6öÇfVB#¢&‡GG3¢ò÷&Vv—7G'’æçÖ§2æ÷&r÷v†–6‚òÒ÷v†–6‚ÓRããçFw¢"ÀÐ¢&–çFVw&—G’#¢'6†S"Ô¤VDw¤‡wv·&%vôtöÄ”‡VwG$´töVçD‡„S—¥e#%v$÷E•'•„ÖS”fgƒc6ÔæEF…6¶#D§FSV¤B´F×¥ÓÒ"ÀÐ¢&FWb#¢G'VRÀÐ¢&Æ–6Vç6R#¢$•42"ÀÐ¢&FWVæFVæ6–W2#¢°Ð¢&—6W†R#¢%ã2ãã Ð¢ÒÀÐ¢&&–â#¢°Ð¢&æöFR×v†–6‚#¢&&–â÷v†–6‚æ§2 Ð¢ÒÀÐ¢&Væv–æW2#¢°Ð¢&æöFR#¢%ã‚ãrãÇÂãÓ#ãRã Ð¢ÐÐ¢ÒÀÐ¢&æöFUöÖöGVÆW2÷w6Â×WF–Ç2#¢°Ð¢'fW'6–öâ#¢#ãã"ÀÐ¢'&W6öÇfVB#¢&‡GG3¢ò÷&Vv—7G'’æçÖ§2æ÷&r÷w6Â×WF–Ç2òÒ÷w6Â×WF–Ç2ÓããçFw¢"ÀÐ¢&–çFVw&—G’#¢'6†S"Öƒ4f&—6&ä´u„7Óƒ”†³36Ä$Ç6æt'f7E÷%4õr÷T—3deFSG”ä´d§'¥g3—gvG5FSs5tc5cFÄ—6³Dv7sÓÒ"ÀÐ¢&FWb#¢G'VRÀÐ¢&Æ–6Vç6R#¢$Ô•B"ÀÐ¢&FWVæFVæ6–W2#¢°Ð¢&—2×w6Â#¢%ã2ãã Ð¢ÒÀÐ¢&Væv–æW2#¢°Ð¢&æöFR#¢#ãÓ‚ Ð¢ÒÀÐ¢&gVæF–ær#¢°Ð¢'W&Â#¢&‡GG3¢òöv—F‡V"æ6öÒ÷7öç6÷'2÷6–æG&W6÷&‡W2 Ð¢ÐÐ¢ÒÀÐ¢&æöFUöÖöGVÆW2÷–ÆÆ—7B#¢°Ð¢'fW'6–öâ#¢#2ãã"ÀÐ¢'&W6öÇfVB#¢&‡GG3¢ò÷&Vv—7G'’æçÖ§2æ÷&r÷–ÆÆ—7BòÒ÷–ÆÆ—7BÓ2ããçFw¢"ÀÐ¢&–çFVw&—G’#¢'6†S"ÖETuuƒS–Ôõ…U–äs&Wvæ53F“DcC5Gc4¦ôÒ·3%dDÕ3”ç4³„wDÔÇ$4…·4eCvƒ4³eDöõTæã'#u&õ‡ƒFsÓÒ"ÀÐ¢&FWb#¢G'VRÀÐ¢&Æ–6Vç6R#¢$•42 Ð¢ÒÀÐ¢&æöFUöÖöGVÆW2÷–ÖÂ#¢°Ð¢'fW'6–öâ#¢#"ã‚ã2"ÀÐ¢'&W6öÇfVB#¢&‡GG3¢ò÷&Vv—7G'’æçÖ§2æ÷&r÷–ÖÂòÒ÷–ÖÂÓ"ã‚ã2çFw¢"ÀÐ¢&–çFVw&—G’#¢'6†S"Ôf&4Äôó$÷GröÅsV&Öƒ–BõtVF4DfE%£%¥Tƒ7ƒ•S&–‡•U“çdÇct£eG%v÷v¶Å$u–$"ô—T”Öe–w†5sT'sÓÒ"ÀÐ¢&Æ–6Vç6R#¢$•42"ÀÐ¢&&–â#¢°Ð¢'–ÖÂ#¢&&–âæÖ§2 Ð¢ÒÀÐ¢&Væv–æW2#¢°Ð¢&æöFR#¢#ãÒBãb Ð¢ÒÀÐ¢&gVæF–ær#¢°Ð¢'W&Â#¢&‡GG3¢òöv—F‡V"æ6öÒ÷7öç6÷'2öVVÖVÆ’ Ð¢ÐÐ¢ÐÐ¢ÐÐ§ÐÐ